
Microsoft Visual Studio Solution File, Format Version 12.00
# Visual Studio Version 16
VisualStudioVersion = 16.0.29709.97
MinimumVisualStudioVersion = 10.0.40219.1
Project("{9A19103F-16F7-4668-BE54-9A1E7A4F7556}") = "PrimerParcialAP2", "PrimerParcialAP2.csproj", "{FE729BFA-4FC5-407E-99E7-340470133683}"
EndProject
Global
	GlobalSection(SolutionConfigurationPlatforms) = preSolution
		Debug|Any CPU = Debug|Any CPU
		Release|Any CPU = Release|Any CPU
	EndGlobalSection
	GlobalSection(ProjectConfigurationPlatforms) = postSolution
		{FE729BFA-4FC5-407E-99E7-340470133683}.Debug|Any CPU.ActiveCfg = Debug|Any CPU
		{FE729BFA-4FC5-407E-99E7-340470133683}.Debug|Any CPU.Build.0 = Debug|Any CPU
		{FE729BFA-4FC5-407E-99E7-340470133683}.Release|Any CPU.ActiveCfg = Release|Any CPU
		{FE729BFA-4FC5-407E-99E7-340470133683}.Release|Any CPU.Build.0 = Release|Any CPU
	EndGlobalSection
	GlobalSection(SolutionProperties) = preSolution
		HideSolutionNode = FALSE
	EndGlobalSection
	GlobalSection(ExtensibilityGlobals) = postSolution
		SolutionGuid = {BC8C8671-6502-4F85-BEF6-62E443F7CA33}
	EndGlobalSection
EndGlobal
